
Microsoft Visual Studio Solution File, Format Version 11.00
# Visual Studio 2010
Project("{F2A71F9B-5D33-465A-A702-920D77279786}") = "ProblemFifteen", "ProblemFifteen\ProblemFifteen.fsproj", "{F76DD88C-9C44-4422-AA77-E0AA206FD374}"
EndProject
Project("{F2A71F9B-5D33-465A-A702-920D77279786}") = "ProblemEighteen", "ProblemEighteen\ProblemEighteen.fsproj", "{2702C14F-92B1-4B96-97DC-01D990B94F45}"
EndProject
Project("{F2A71F9B-5D33-465A-A702-920D77279786}") = "ProblemSixtySeven", "ProblemSixtySeven\ProblemSixtySeven.fsproj", "{E8540F18-0597-4D20-BE8E-CDEFF0E7E941}"
EndProject
Project("{F2A71F9B-5D33-465A-A702-920D77279786}") = "ProblemTwentyOne", "ProblemTwentyOne\ProblemTwentyOne.fsproj", "{9D0FD7B8-5FD0-4B85-84A6-06F0803E64BF}"
EndProject
Project("{F2A71F9B-5D33-465A-A702-920D77279786}") = "ProblemTwentyTwo", "ProblemTwentyTwo\ProblemTwentyTwo.fsproj", "{41DDF120-3AB4-4AFC-9892-5BB628CDCA84}"
EndProject
Global
	GlobalSection(SolutionConfigurationPlatforms) = preSolution
		Debug|Any CPU = Debug|Any CPU
		Release|Any CPU = Release|Any CPU
	EndGlobalSection
	GlobalSection(ProjectConfigurationPlatforms) = postSolution
		{F76DD88C-9C44-4422-AA77-E0AA206FD374}.Debug|Any CPU.ActiveCfg = Debug|Any CPU
		{F76DD88C-9C44-4422-AA77-E0AA206FD374}.Debug|Any CPU.Build.0 = Debug|Any CPU
		{F76DD88C-9C44-4422-AA77-E0AA206FD374}.Release|Any CPU.ActiveCfg = Release|Any CPU
		{F76DD88C-9C44-4422-AA77-E0AA206FD374}.Release|Any CPU.Build.0 = Release|Any CPU
		{2702C14F-92B1-4B96-97DC-01D990B94F45}.Debug|Any CPU.ActiveCfg = Debug|Any CPU
		{2702C14F-92B1-4B96-97DC-01D990B94F45}.Debug|Any CPU.Build.0 = Debug|Any CPU
		{2702C14F-92B1-4B96-97DC-01D990B94F45}.Release|Any CPU.ActiveCfg = Release|Any CPU
		{2702C14F-92B1-4B96-97DC-01D990B94F45}.Release|Any CPU.Build.0 = Release|Any CPU
		{E8540F18-0597-4D20-BE8E-CDEFF0E7E941}.Debug|Any CPU.ActiveCfg = Debug|Any CPU
		{E8540F18-0597-4D20-BE8E-CDEFF0E7E941}.Debug|Any CPU.Build.0 = Debug|Any CPU
		{E8540F18-0597-4D20-BE8E-CDEFF0E7E941}.Release|Any CPU.ActiveCfg = Release|Any CPU
		{E8540F18-0597-4D20-BE8E-CDEFF0E7E941}.Release|Any CPU.Build.0 = Release|Any CPU
		{9D0FD7B8-5FD0-4B85-84A6-06F0803E64BF}.Debug|Any CPU.ActiveCfg = Debug|Any CPU
		{9D0FD7B8-5FD0-4B85-84A6-06F0803E64BF}.Debug|Any CPU.Build.0 = Debug|Any CPU
		{9D0FD7B8-5FD0-4B85-84A6-06F0803E64BF}.Release|Any CPU.ActiveCfg = Release|Any CPU
		{9D0FD7B8-5FD0-4B85-84A6-06F0803E64BF}.Release|Any CPU.Build.0 = Release|Any CPU
		{41DDF120-3AB4-4AFC-9892-5BB628CDCA84}.Debug|Any CPU.ActiveCfg = Debug|Any CPU
		{41DDF120-3AB4-4AFC-9892-5BB628CDCA84}.Debug|Any CPU.Build.0 = Debug|Any CPU
		{41DDF120-3AB4-4AFC-9892-5BB628CDCA84}.Release|Any CPU.ActiveCfg = Release|Any CPU
		{41DDF120-3AB4-4AFC-9892-5BB628CDCA84}.Release|Any CPU.Build.0 = Release|Any CPU
	EndGlobalSection
	GlobalSection(SolutionProperties) = preSolution
		HideSolutionNode = FALSE
	EndGlobalSection
EndGlobal
